
Microsoft Visual Studio Solution File, Format Version 12.00
# Visual Studio Version 16
VisualStudioVersion = 16.0.30804.86
MinimumVisualStudioVersion = 10.0.40219.1
Project("{FAE04EC0-301F-11D3-BF4B-00C04F79EFBC}") = "BurhansService", "BurhansService\BurhansService.csproj", "{5B1E9746-AF95-4A7A-AF08-A2BD3B993B2F}"
EndProject
Global
	GlobalSection(SolutionConfigurationPlatforms) = preSolution
		Debug|Any CPU = Debug|Any CPU
		Release|Any CPU = Release|Any CPU
	EndGlobalSection
	GlobalSection(ProjectConfigurationPlatforms) = postSolution
		{5B1E9746-AF95-4A7A-AF08-A2BD3B993B2F}.Debug|Any CPU.ActiveCfg = Debug|Any CPU
		{5B1E9746-AF95-4A7A-AF08-A2BD3B993B2F}.Debug|Any CPU.Build.0 = Debug|Any CPU
		{5B1E9746-AF95-4A7A-AF08-A2BD3B993B2F}.Release|Any CPU.ActiveCfg = Release|Any CPU
		{5B1E9746-AF95-4A7A-AF08-A2BD3B993B2F}.Release|Any CPU.Build.0 = Release|Any CPU
	EndGlobalSection
	GlobalSection(SolutionProperties) = preSolution
		HideSolutionNode = FALSE
	EndGlobalSection
	GlobalSection(ExtensibilityGlobals) = postSolution
		SolutionGuid = {6CA53D9C-9200-4F55-9985-C1C0B87D5357}
	EndGlobalSection
EndGlobal
